
Microsoft Visual Studio Solution File, Format Version 12.00
# Visual Studio Version 17
VisualStudioVersion = 17.5.33424.131
MinimumVisualStudioVersion = 10.0.40219.1
Project("{9A19103F-16F7-4668-BE54-9A1E7A4F7556}") = "Kontur.Sandbox.A", "Kontur.Sandbox.A\Kontur.Sandbox.A.csproj", "{4538CED9-530A-41ED-9201-4A5308ECADA1}"
EndProject
Project("{9A19103F-16F7-4668-BE54-9A1E7A4F7556}") = "Kontur.Sandbox.B", "Kontur.Sandbox.B\Kontur.Sandbox.B.csproj", "{2CC9D4D3-AC5F-4C5B-B33E-B1AD0FFD1DCB}"
EndProject
Project("{9A19103F-16F7-4668-BE54-9A1E7A4F7556}") = "Kontur.Sandbox.C", "Kontur.Sandbox.C\Kontur.Sandbox.C.csproj", "{13F51004-DD40-4579-9138-B3CF253E90DF}"
EndProject
Project("{9A19103F-16F7-4668-BE54-9A1E7A4F7556}") = "Kontur.Sandbox.D", "Kontur.Sandbox.D\Kontur.Sandbox.D.csproj", "{02EC52B3-77D6-403C-8650-168CD2F423D0}"
EndProject
Project("{FAE04EC0-301F-11D3-BF4B-00C04F79EFBC}") = "Kontur.Sandbox.E", "Kontur.Sandbox.E\Kontur.Sandbox.E.csproj", "{DFD24C93-D29E-4DA2-BA5F-59E942B30F7D}"
EndProject
Global
	GlobalSection(SolutionConfigurationPlatforms) = preSolution
		Debug|Any CPU = Debug|Any CPU
		Release|Any CPU = Release|Any CPU
	EndGlobalSection
	GlobalSection(ProjectConfigurationPlatforms) = postSolution
		{4538CED9-530A-41ED-9201-4A5308ECADA1}.Debug|Any CPU.ActiveCfg = Debug|Any CPU
		{4538CED9-530A-41ED-9201-4A5308ECADA1}.Debug|Any CPU.Build.0 = Debug|Any CPU
		{4538CED9-530A-41ED-9201-4A5308ECADA1}.Release|Any CPU.ActiveCfg = Release|Any CPU
		{4538CED9-530A-41ED-9201-4A5308ECADA1}.Release|Any CPU.Build.0 = Release|Any CPU
		{2CC9D4D3-AC5F-4C5B-B33E-B1AD0FFD1DCB}.Debug|Any CPU.ActiveCfg = Debug|Any CPU
		{2CC9D4D3-AC5F-4C5B-B33E-B1AD0FFD1DCB}.Debug|Any CPU.Build.0 = Debug|Any CPU
		{2CC9D4D3-AC5F-4C5B-B33E-B1AD0FFD1DCB}.Release|Any CPU.ActiveCfg = Release|Any CPU
		{2CC9D4D3-AC5F-4C5B-B33E-B1AD0FFD1DCB}.Release|Any CPU.Build.0 = Release|Any CPU
		{13F51004-DD40-4579-9138-B3CF253E90DF}.Debug|Any CPU.ActiveCfg = Debug|Any CPU
		{13F51004-DD40-4579-9138-B3CF253E90DF}.Debug|Any CPU.Build.0 = Debug|Any CPU
		{13F51004-DD40-4579-9138-B3CF253E90DF}.Release|Any CPU.ActiveCfg = Release|Any CPU
		{13F51004-DD40-4579-9138-B3CF253E90DF}.Release|Any CPU.Build.0 = Release|Any CPU
		{02EC52B3-77D6-403C-8650-168CD2F423D0}.Debug|Any CPU.ActiveCfg = Debug|Any CPU
		{02EC52B3-77D6-403C-8650-168CD2F423D0}.Debug|Any CPU.Build.0 = Debug|Any CPU
		{02EC52B3-77D6-403C-8650-168CD2F423D0}.Release|Any CPU.ActiveCfg = Release|Any CPU
		{02EC52B3-77D6-403C-8650-168CD2F423D0}.Release|Any CPU.Build.0 = Release|Any CPU
		{DFD24C93-D29E-4DA2-BA5F-59E942B30F7D}.Debug|Any CPU.ActiveCfg = Debug|Any CPU
		{DFD24C93-D29E-4DA2-BA5F-59E942B30F7D}.Debug|Any CPU.Build.0 = Debug|Any CPU
		{DFD24C93-D29E-4DA2-BA5F-59E942B30F7D}.Release|Any CPU.ActiveCfg = Release|Any CPU
		{DFD24C93-D29E-4DA2-BA5F-59E942B30F7D}.Release|Any CPU.Build.0 = Release|Any CPU
	EndGlobalSection
	GlobalSection(SolutionProperties) = preSolution
		HideSolutionNode = FALSE
	EndGlobalSection
	GlobalSection(ExtensibilityGlobals) = postSolution
		SolutionGuid = {26D9CDDF-D01B-4F39-8E01-2E972663D73C}
	EndGlobalSection
EndGlobal
